
Microsoft Visual Studio Solution File, Format Version 12.00
# Visual Studio Version 17
VisualStudioVersion = 17.8.34525.116
MinimumVisualStudioVersion = 10.0.40219.1
Project("{9A19103F-16F7-4668-BE54-9A1E7A4F7556}") = "Betegnyilvantarto", "Betegnyilvantarto\Betegnyilvantarto.csproj", "{B9F4E7CA-297C-42C0-A3A4-82CF82EB49C1}"
EndProject
Project("{9A19103F-16F7-4668-BE54-9A1E7A4F7556}") = "FramePageSample", "FramePageSample\FramePageSample.csproj", "{41814B16-6FFA-4FF0-BA87-C7817C251165}"
EndProject
Project("{9A19103F-16F7-4668-BE54-9A1E7A4F7556}") = "BookRentalClientWithPage", "BookRentalClientWithPage\BookRentalClientWithPage.csproj", "{BD4AF08B-92D1-4ED1-BFF3-8C385927ACFC}"
EndProject
Project("{9A19103F-16F7-4668-BE54-9A1E7A4F7556}") = "FPSgyak", "FPSgyak\FPSgyak.csproj", "{0DEE5064-9467-4A58-90F1-AAC9B1A3CFA5}"
EndProject
Project("{9A19103F-16F7-4668-BE54-9A1E7A4F7556}") = "nepesseg", "nepesseg\nepesseg.csproj", "{9199DA43-3354-4296-9FF7-37669DD3850A}"
EndProject
Project("{9A19103F-16F7-4668-BE54-9A1E7A4F7556}") = "Labirintus", "Labirintus\Labirintus.csproj", "{D9518B2B-0C10-4B75-9028-D5EDCEAAFA71}"
EndProject
Project("{9A19103F-16F7-4668-BE54-9A1E7A4F7556}") = "LabirintusGUI", "LabirintusGUI\LabirintusGUI.csproj", "{C12A04A8-5FAD-47F3-A1A4-EF34197048B1}"
EndProject
Project("{9A19103F-16F7-4668-BE54-9A1E7A4F7556}") = "Amoeba", "Amoeba\Amoeba.csproj", "{87C6E3AC-3FC1-4EB6-9F49-DE8BFDA3313C}"
EndProject
Project("{2150E333-8FDC-42A3-9474-1A3956D46DE8}") = "Amoba", "Amoba", "{AE7D3F7B-B227-4974-9656-1800863CA1A8}"
EndProject
Project("{FAE04EC0-301F-11D3-BF4B-00C04F79EFBC}") = "Amoba", "Amoba\Amoba.csproj", "{680E2EE2-AEBC-4588-BB12-F6555A69E77F}"
EndProject
Project("{FAE04EC0-301F-11D3-BF4B-00C04F79EFBC}") = "AmobaGUI", "Amoba\AmobaGUI\AmobaGUI.csproj", "{34800F74-D107-48B4-A322-C4AA01453677}"
EndProject
Global
	GlobalSection(SolutionConfigurationPlatforms) = preSolution
		Debug|Any CPU = Debug|Any CPU
		Release|Any CPU = Release|Any CPU
	EndGlobalSection
	GlobalSection(ProjectConfigurationPlatforms) = postSolution
		{B9F4E7CA-297C-42C0-A3A4-82CF82EB49C1}.Debug|Any CPU.ActiveCfg = Debug|Any CPU
		{B9F4E7CA-297C-42C0-A3A4-82CF82EB49C1}.Debug|Any CPU.Build.0 = Debug|Any CPU
		{B9F4E7CA-297C-42C0-A3A4-82CF82EB49C1}.Release|Any CPU.ActiveCfg = Release|Any CPU
		{B9F4E7CA-297C-42C0-A3A4-82CF82EB49C1}.Release|Any CPU.Build.0 = Release|Any CPU
		{41814B16-6FFA-4FF0-BA87-C7817C251165}.Debug|Any CPU.ActiveCfg = Debug|Any CPU
		{41814B16-6FFA-4FF0-BA87-C7817C251165}.Debug|Any CPU.Build.0 = Debug|Any CPU
		{41814B16-6FFA-4FF0-BA87-C7817C251165}.Release|Any CPU.ActiveCfg = Release|Any CPU
		{41814B16-6FFA-4FF0-BA87-C7817C251165}.Release|Any CPU.Build.0 = Release|Any CPU
		{BD4AF08B-92D1-4ED1-BFF3-8C385927ACFC}.Debug|Any CPU.ActiveCfg = Debug|Any CPU
		{BD4AF08B-92D1-4ED1-BFF3-8C385927ACFC}.Debug|Any CPU.Build.0 = Debug|Any CPU
		{BD4AF08B-92D1-4ED1-BFF3-8C385927ACFC}.Release|Any CPU.ActiveCfg = Release|Any CPU
		{BD4AF08B-92D1-4ED1-BFF3-8C385927ACFC}.Release|Any CPU.Build.0 = Release|Any CPU
		{0DEE5064-9467-4A58-90F1-AAC9B1A3CFA5}.Debug|Any CPU.ActiveCfg = Debug|Any CPU
		{0DEE5064-9467-4A58-90F1-AAC9B1A3CFA5}.Debug|Any CPU.Build.0 = Debug|Any CPU
		{0DEE5064-9467-4A58-90F1-AAC9B1A3CFA5}.Release|Any CPU.ActiveCfg = Release|Any CPU
		{0DEE5064-9467-4A58-90F1-AAC9B1A3CFA5}.Release|Any CPU.Build.0 = Release|Any CPU
		{9199DA43-3354-4296-9FF7-37669DD3850A}.Debug|Any CPU.ActiveCfg = Debug|Any CPU
		{9199DA43-3354-4296-9FF7-37669DD3850A}.Debug|Any CPU.Build.0 = Debug|Any CPU
		{9199DA43-3354-4296-9FF7-37669DD3850A}.Release|Any CPU.ActiveCfg = Release|Any CPU
		{9199DA43-3354-4296-9FF7-37669DD3850A}.Release|Any CPU.Build.0 = Release|Any CPU
		{D9518B2B-0C10-4B75-9028-D5EDCEAAFA71}.Debug|Any CPU.ActiveCfg = Debug|Any CPU
		{D9518B2B-0C10-4B75-9028-D5EDCEAAFA71}.Debug|Any CPU.Build.0 = Debug|Any CPU
		{D9518B2B-0C10-4B75-9028-D5EDCEAAFA71}.Release|Any CPU.ActiveCfg = Release|Any CPU
		{D9518B2B-0C10-4B75-9028-D5EDCEAAFA71}.Release|Any CPU.Build.0 = Release|Any CPU
		{C12A04A8-5FAD-47F3-A1A4-EF34197048B1}.Debug|Any CPU.ActiveCfg = Debug|Any CPU
		{C12A04A8-5FAD-47F3-A1A4-EF34197048B1}.Debug|Any CPU.Build.0 = Debug|Any CPU
		{C12A04A8-5FAD-47F3-A1A4-EF34197048B1}.Release|Any CPU.ActiveCfg = Release|Any CPU
		{C12A04A8-5FAD-47F3-A1A4-EF34197048B1}.Release|Any CPU.Build.0 = Release|Any CPU
		{87C6E3AC-3FC1-4EB6-9F49-DE8BFDA3313C}.Debug|Any CPU.ActiveCfg = Debug|Any CPU
		{87C6E3AC-3FC1-4EB6-9F49-DE8BFDA3313C}.Debug|Any CPU.Build.0 = Debug|Any CPU
		{87C6E3AC-3FC1-4EB6-9F49-DE8BFDA3313C}.Release|Any CPU.ActiveCfg = Release|Any CPU
		{87C6E3AC-3FC1-4EB6-9F49-DE8BFDA3313C}.Release|Any CPU.Build.0 = Release|Any CPU
		{680E2EE2-AEBC-4588-BB12-F6555A69E77F}.Debug|Any CPU.ActiveCfg = Debug|Any CPU
		{680E2EE2-AEBC-4588-BB12-F6555A69E77F}.Debug|Any CPU.Build.0 = Debug|Any CPU
		{680E2EE2-AEBC-4588-BB12-F6555A69E77F}.Release|Any CPU.ActiveCfg = Release|Any CPU
		{680E2EE2-AEBC-4588-BB12-F6555A69E77F}.Release|Any CPU.Build.0 = Release|Any CPU
		{34800F74-D107-48B4-A322-C4AA01453677}.Debug|Any CPU.ActiveCfg = Debug|Any CPU
		{34800F74-D107-48B4-A322-C4AA01453677}.Debug|Any CPU.Build.0 = Debug|Any CPU
		{34800F74-D107-48B4-A322-C4AA01453677}.Release|Any CPU.ActiveCfg = Release|Any CPU
		{34800F74-D107-48B4-A322-C4AA01453677}.Release|Any CPU.Build.0 = Release|Any CPU
	EndGlobalSection
	GlobalSection(SolutionProperties) = preSolution
		HideSolutionNode = FALSE
	EndGlobalSection
	GlobalSection(NestedProjects) = preSolution
		{680E2EE2-AEBC-4588-BB12-F6555A69E77F} = {AE7D3F7B-B227-4974-9656-1800863CA1A8}
		{34800F74-D107-48B4-A322-C4AA01453677} = {AE7D3F7B-B227-4974-9656-1800863CA1A8}
	EndGlobalSection
	GlobalSection(ExtensibilityGlobals) = postSolution
		SolutionGuid = {49A31D06-12F6-4A01-A394-9C5AD71D380C}
	EndGlobalSection
EndGlobal
